
Microsoft Visual Studio Solution File, Format Version 12.00
# Visual Studio Version 17
VisualStudioVersion = 17.13.35806.99 d17.13
MinimumVisualStudioVersion = 10.0.40219.1
Project("{FAE04EC0-301F-11D3-BF4B-00C04F79EFBC}") = "UsageTranslator", "UsageTranslator\UsageTranslator.csproj", "{D39A393F-9EE6-2668-25E8-37AC529AAD8E}"
EndProject
Project("{FAE04EC0-301F-11D3-BF4B-00C04F79EFBC}") = "UsageTranslator.Tests", "UsageTranslator.Tests\UsageTranslator.Tests.csproj", "{F3B64E49-6D7E-4181-A082-013D142CA8C3}"
EndProject
Global
	GlobalSection(SolutionConfigurationPlatforms) = preSolution
		Debug|Any CPU = Debug|Any CPU
		Release|Any CPU = Release|Any CPU
	EndGlobalSection
	GlobalSection(ProjectConfigurationPlatforms) = postSolution
		{D39A393F-9EE6-2668-25E8-37AC529AAD8E}.Debug|Any CPU.ActiveCfg = Debug|Any CPU
		{D39A393F-9EE6-2668-25E8-37AC529AAD8E}.Debug|Any CPU.Build.0 = Debug|Any CPU
		{D39A393F-9EE6-2668-25E8-37AC529AAD8E}.Release|Any CPU.ActiveCfg = Release|Any CPU
		{D39A393F-9EE6-2668-25E8-37AC529AAD8E}.Release|Any CPU.Build.0 = Release|Any CPU
		{F3B64E49-6D7E-4181-A082-013D142CA8C3}.Debug|Any CPU.ActiveCfg = Debug|Any CPU
		{F3B64E49-6D7E-4181-A082-013D142CA8C3}.Debug|Any CPU.Build.0 = Debug|Any CPU
		{F3B64E49-6D7E-4181-A082-013D142CA8C3}.Release|Any CPU.ActiveCfg = Release|Any CPU
		{F3B64E49-6D7E-4181-A082-013D142CA8C3}.Release|Any CPU.Build.0 = Release|Any CPU
	EndGlobalSection
	GlobalSection(SolutionProperties) = preSolution
		HideSolutionNode = FALSE
	EndGlobalSection
	GlobalSection(ExtensibilityGlobals) = postSolution
		SolutionGuid = {6F363076-2D36-4F1A-B2F4-10670D3F5961}
	EndGlobalSection
EndGlobal
